// !$*UTF8*$!
{
	archiveVersion = 1;
	classes = {
	};
	objectVersion = 48;
	objects = {

/* Begin PBXBuildFile section */
		FDCBB02D202A8C180010B855 /* AppDelegate.swift in Sources */ = {isa = PBXBuildFile; fileRef = FDCBB02C202A8C180010B855 /* AppDelegate.swift */; };
		FDCBB02F202A8C180010B855 /* WelcomeViewController.swift in Sources */ = {isa = PBXBuildFile; fileRef = FDCBB02E202A8C180010B855 /* WelcomeViewController.swift */; };
		FDCBB032202A8C180010B855 /* Main.storyboard in Resources */ = {isa = PBXBuildFile; fileRef = FDCBB030202A8C180010B855 /* Main.storyboard */; };
		FDCBB034202A8C180010B855 /* Assets.xcassets in Resources */ = {isa = PBXBuildFile; fileRef = FDCBB033202A8C180010B855 /* Assets.xcassets */; };
		FDCBB037202A8C180010B855 /* LaunchScreen.storyboard in Resources */ = {isa = PBXBuildFile; fileRef = FDCBB035202A8C180010B855 /* LaunchScreen.storyboard */; };
		FDCBB040202A8FDE0010B855 /* BorderButton.swift in Sources */ = {isa = PBXBuildFile; fileRef = FDCBB03F202A8FDE0010B855 /* BorderButton.swift */; };
		FDCBB044202BA9230010B855 /* LeagueViewController.swift in Sources */ = {isa = PBXBuildFile; fileRef = FDCBB043202BA9230010B855 /* LeagueViewController.swift */; };
		FDCBB046202BA9330010B855 /* SkillViewController.swift in Sources */ = {isa = PBXBuildFile; fileRef = FDCBB045202BA9330010B855 /* SkillViewController.swift */; };
/* End PBXBuildFile section */

/* Begin PBXFileReference section */
		FDCBB029202A8C180010B855 /* app-swoosh.app */ = {isa = PBXFileReference; explicitFileType = wrapper.application; includeInIndex = 0; path = "app-swoosh.app"; sourceTree = BUILT_PRODUCTS_DIR; };
		FDCBB02C202A8C180010B855 /* AppDelegate.swift */ = {isa = PBXFileReference; lastKnownFileType = sourcecode.swift; path = AppDelegate.swift; sourceTree = "<group>"; };
		FDCBB02E202A8C180010B855 /* WelcomeViewController.swift */ = {isa = PBXFileReference; lastKnownFileType = sourcecode.swift; path = WelcomeViewController.swift; sourceTree = "<group>"; };
		FDCBB031202A8C180010B855 /* Base */ = {isa = PBXFileReference; lastKnownFileType = file.storyboard; name = Base; path = Base.lproj/Main.storyboard; sourceTree = "<group>"; };
		FDCBB033202A8C180010B855 /* Assets.xcassets */ = {isa = PBXFileReference; lastKnownFileType = folder.assetcatalog; path = Assets.xcassets; sourceTree = "<group>"; };
		FDCBB036202A8C180010B855 /* Base */ = {isa = PBXFileReference; lastKnownFileType = file.storyboard; name = Base; path = Base.lproj/LaunchScreen.storyboard; sourceTree = "<group>"; };
		FDCBB038202A8C180010B855 /* Info.plist */ = {isa = PBXFileReference; lastKnownFileType = text.plist.xml; path = Info.plist; sourceTree = "<group>"; };
		FDCBB03F202A8FDE0010B855 /* BorderButton.swift */ = {isa = PBXFileReference; lastKnownFileType = sourcecode.swift; path = BorderButton.swift; sourceTree = "<group>"; };
		FDCBB043202BA9230010B855 /* LeagueViewController.swift */ = {isa = PBXFileReference; lastKnownFileType = sourcecode.swift; path = LeagueViewController.swift; sourceTree = "<group>"; };
		FDCBB045202BA9330010B855 /* SkillViewController.swift */ = {isa = PBXFileReference; lastKnownFileType = sourcecode.swift; path = SkillViewController.swift; sourceTree = "<group>"; };
/* End PBXFileReference section */

/* Begin PBXFrameworksBuildPhase section */
		FDCBB026202A8C180010B855 /* Frameworks */ = {
			isa = PBXFrameworksBuildPhase;
			buildActionMask = 2147483647;
			files = (
			);
			runOnlyForDeploymentPostprocessing = 0;
		};
/* End PBXFrameworksBuildPhase section */

/* Begin PBXGroup section */
		FDCBB020202A8C180010B855 = {
			isa = PBXGroup;
			children = (
				FDCBB02B202A8C180010B855 /* app-swoosh */,
				FDCBB02A202A8C180010B855 /* Products */,
			);
			sourceTree = "<group>";
		};
		FDCBB02A202A8C180010B855 /* Products */ = {
			isa = PBXGroup;
			children = (
				FDCBB029202A8C180010B855 /* app-swoosh.app */,
			);
			name = Products;
			sourceTree = "<group>";
		};
		FDCBB02B202A8C180010B855 /* app-swoosh */ = {
			isa = PBXGroup;
			children = (
				FDCBB042202BA87D0010B855 /* Model */,
				FDCBB041202BA86A0010B855 /* Controller */,
				FDCBB03E202A8FB00010B855 /* View */,
				FDCBB02C202A8C180010B855 /* AppDelegate.swift */,
				FDCBB030202A8C180010B855 /* Main.storyboard */,
				FDCBB033202A8C180010B855 /* Assets.xcassets */,
				FDCBB035202A8C180010B855 /* LaunchScreen.storyboard */,
				FDCBB038202A8C180010B855 /* Info.plist */,
			);
			path = "app-swoosh";
			sourceTree = "<group>";
		};
		FDCBB03E202A8FB00010B855 /* View */ = {
			isa = PBXGroup;
			children = (
				FDCBB03F202A8FDE0010B855 /* BorderButton.swift */,
			);
			path = View;
			sourceTree = "<group>";
		};
		FDCBB041202BA86A0010B855 /* Controller */ = {
			isa = PBXGroup;
			children = (
				FDCBB02E202A8C180010B855 /* WelcomeViewController.swift */,
				FDCBB043202BA9230010B855 /* LeagueViewController.swift */,
				FDCBB045202BA9330010B855 /* SkillViewController.swift */,
			);
			path = Controller;
			sourceTree = "<group>";
		};
		FDCBB042202BA87D0010B855 /* Model */ = {
			isa = PBXGroup;
			children = (
			);
			path = Model;
			sourceTree = "<group>";
		};
/* End PBXGroup section */

/* Begin PBXNativeTarget section */
		FDCBB028202A8C180010B855 /* app-swoosh */ = {
			isa = PBXNativeTarget;
			buildConfigurationList = FDCBB03B202A8C180010B855 /* Build configuration list for PBXNativeTarget "app-swoosh" */;
			buildPhases = (
				FDCBB025202A8C180010B855 /* Sources */,
				FDCBB026202A8C180010B855 /* Frameworks */,
				FDCBB027202A8C180010B855 /* Resources */,
			);
			buildRules = (
			);
			dependencies = (
			);
			name = "app-swoosh";
			productName = "app-swoosh";
			productReference = FDCBB029202A8C180010B855 /* app-swoosh.app */;
			productType = "com.apple.product-type.application";
		};
/* End PBXNativeTarget section */

/* Begin PBXProject section */
		FDCBB021202A8C180010B855 /* Project object */ = {
			isa = PBXProject;
			attributes = {
				LastSwiftUpdateCheck = 0920;
				LastUpgradeCheck = 0920;
				ORGANIZATIONNAME = "Greg Davidson";
				TargetAttributes = {
					FDCBB028202A8C180010B855 = {
						CreatedOnToolsVersion = 9.2;
						ProvisioningStyle = Automatic;
					};
				};
			};
			buildConfigurationList = FDCBB024202A8C180010B855 /* Build configuration list for PBXProject "app-swoosh" */;
			compatibilityVersion = "Xcode 8.0";
			developmentRegion = en;
			hasScannedForEncodings = 0;
			knownRegions = (
				en,
				Base,
			);
			mainGroup = FDCBB020202A8C180010B855;
			productRefGroup = FDCBB02A202A8C180010B855 /* Products */;
			projectDirPath = "";
			projectRoot = "";
			targets = (
				FDCBB028202A8C180010B855 /* app-swoosh */,
			);
		};
/* End PBXProject section */

/* Begin PBXResourcesBuildPhase section */
		FDCBB027202A8C180010B855 /* Resources */ = {
			isa = PBXResourcesBuildPhase;
			buildActionMask = 2147483647;
			files = (
				FDCBB037202A8C180010B855 /* LaunchScreen.storyboard in Resources */,
				FDCBB034202A8C180010B855 /* Assets.xcassets in Resources */,
				FDCBB032202A8C180010B855 /* Main.storyboard in Resources */,
			);
			runOnlyForDeploymentPostprocessing = 0;
		};
/* End PBXResourcesBuildPhase section */

/* Begin PBXSourcesBuildPhase section */
		FDCBB025202A8C180010B855 /* Sources */ = {
			isa = PBXSourcesBuildPhase;
			buildActionMask = 2147483647;
			files = (
				FDCBB02F202A8C180010B855 /* WelcomeViewController.swift in Sources */,
				FDCBB02D202A8C180010B855 /* AppDelegate.swift in Sources */,
				FDCBB046202BA9330010B855 /* SkillViewController.swift in Sources */,
				FDCBB040202A8FDE0010B855 /* BorderButton.swift in Sources */,
				FDCBB044202BA9230010B855 /* LeagueViewController.swift in Sources */,
			);
			runOnlyForDeploymentPostprocessing = 0;
		};
/* End PBXSourcesBuildPhase section */

/* Begin PBXVariantGroup section */
		FDCBB030202A8C180010B855 /* Main.storyboard */ = {
			isa = PBXVariantGroup;
			children = (
				FDCBB031202A8C180010B855 /* Base */,
			);
			name = Main.storyboard;
			sourceTree = "<group>";
		};
		FDCBB035202A8C180010B855 /* LaunchScreen.storyboard */ = {
			isa = PBXVariantGroup;
			children = (
				FDCBB036202A8C180010B855 /* Base */,
			);
			name = LaunchScreen.storyboard;
			sourceTree = "<group>";
		};
/* End PBXVariantGroup section */

/* Begin XCBuildConfiguration section */
		FDCBB039202A8C180010B855 /* Debug */ = {
			isa = XCBuildConfiguration;
			buildSettings = {
				ALWAYS_SEARCH_USER_PATHS = NO;
				CLANG_ANALYZER_NONNULL = YES;
				CLANG_ANALYZER_NUMBER_OBJECT_CONVERSION = YES_AGGRESSIVE;
				CLANG_CXX_LANGUAGE_STANDARD = "gnu++14";
				CLANG_CXX_LIBRARY = "libc++";
				CLANG_ENABLE_MODULES = YES;
				CLANG_ENABLE_OBJC_ARC = YES;
				CLANG_WARN_BLOCK_CAPTURE_AUTORELEASING = YES;
				CLANG_WARN_BOOL_CONVERSION = YES;
				CLANG_WARN_COMMA = YES;
				CLANG_WARN_CONSTANT_CONVERSION = YES;
				CLANG_WARN_DIRECT_OBJC_ISA_USAGE = YES_ERROR;
				CLANG_WARN_DOCUMENTATION_COMMENTS = YES;
				CLANG_WARN_EMPTY_BODY = YES;
				CLANG_WARN_ENUM_CONVERSION = YES;
				CLANG_WARN_INFINITE_RECURSION = YES;
				CLANG_WARN_INT_CONVERSION = YES;
				CLANG_WARN_NON_LITERAL_NULL_CONVERSION = YES;
				CLANG_WARN_OBJC_LITERAL_CONVERSION = YES;
				CLANG_WARN_OBJC_ROOT_CLASS = YES_ERROR;
				CLANG_WARN_RANGE_LOOP_ANALYSIS = YES;
				CLANG_WARN_STRICT_PROTOTYPES = YES;
				CLANG_WARN_SUSPICIOUS_MOVE = YES;
				CLANG_WARN_UNGUARDED_AVAILABILITY = YES_AGGRESSIVE;
				CLANG_WARN_UNREACHABLE_CODE = YES;
				CLANG_WARN__DUPLICATE_METHOD_MATCH = YES;
				CODE_SIGN_IDENTITY = "iPhone Developer";
				COPY_PHASE_STRIP = NO;
				DEBUG_INFORMATION_FORMAT = dwarf;
				ENABLE_STRICT_OBJC_MSGSEND = YES;
				ENABLE_TESTABILITY = YES;
				GCC_C_LANGUAGE_STANDARD = gnu11;
				GCC_DYNAMIC_NO_PIC = NO;
				GCC_NO_COMMON_BLOCKS = YES;
				GCC_OPTIMIZATION_LEVEL = 0;
				GCC_PREPROCESSOR_DEFINITIONS = (
					"DEBUG=1",
					"$(inherited)",
				);
				GCC_WARN_64_TO_32_BIT_CONVERSION = YES;
				GCC_WARN_ABOUT_RETURN_TYPE = YES_ERROR;
				GCC_WARN_UNDECLARED_SELECTOR = YES;
				GCC_WARN_UNINITIALIZED_AUTOS = YES_AGGRESSIVE;
				GCC_WARN_UNUSED_FUNCTION = YES;
				GCC_WARN_UNUSED_VARIABLE = YES;
				IPHONEOS_DEPLOYMENT_TARGET = 11.2;
				MTL_ENABLE_DEBUG_INFO = YES;
				ONLY_ACTIVE_ARCH = YES;
				SDKROOT = iphoneos;
				SWIFT_ACTIVE_COMPILATION_CONDITIONS = DEBUG;
				SWIFT_OPTIMIZATION_LEVEL = "-Onone";
			};
			name = Debug;
		};
		FDCBB03A202A8C180010B855 /* Release */ = {
			isa = XCBuildConfiguration;
			buildSettings = {
				ALWAYS_SEARCH_USER_PATHS = NO;
				CLANG_ANALYZER_NONNULL = YES;
				CLANG_ANALYZER_NUMBER_OBJECT_CONVERSION = YES_AGGRESSIVE;
				CLANG_CXX_LANGUAGE_STANDARD = "gnu++14";
				CLANG_CXX_LIBRARY = "libc++";
				CLANG_ENABLE_MODULES = YES;
				CLANG_ENABLE_OBJC_ARC = YES;
				CLANG_WARN_BLOCK_CAPTURE_AUTORELEASING = YES;
				CLANG_WARN_BOOL_CONVERSION = YES;
				CLANG_WARN_COMMA = YES;
				CLANG_WARN_CONSTANT_CONVERSION = YES;
				CLANG_WARN_DIRECT_OBJC_ISA_USAGE = YES_ERROR;
				CLANG_WARN_DOCUMENTATION_COMMENTS = YES;
				CLANG_WARN_EMPTY_BODY = YES;
				CLANG_WARN_ENUM_CONVERSION = YES;
				CLANG_WARN_INFINITE_RECURSION = YES;
				CLANG_WARN_INT_CONVERSION = YES;
				CLANG_WARN_NON_LITERAL_NULL_CONVERSION = YES;
				CLANG_WARN_OBJC_LITERAL_CONVERSION = YES;
				CLANG_WARN_OBJC_ROOT_CLASS = YES_ERROR;
				CLANG_WARN_RANGE_LOOP_ANALYSIS = YES;
				CLANG_WARN_STRICT_PROTOTYPES = YES;
				CLANG_WARN_SUSPICIOUS_MOVE = YES;
				CLANG_WARN_UNGUARDED_AVAILABILITY = YES_AGGRESSIVE;
				CLANG_WARN_UNREACHABLE_CODE = YES;
				CLANG_WARN__DUPLICATE_METHOD_MATCH = YES;
				CODE_SIGN_IDENTITY = "iPhone Developer";
				COPY_PHASE_STRIP = NO;
				DEBUG_INFORMATION_FORMAT = "dwarf-with-dsym";
				ENABLE_NS_ASSERTIONS = NO;
				ENABLE_STRICT_OBJC_MSGSEND = YES;
				GCC_C_LANGUAGE_STANDARD = gnu11;
				GCC_NO_COMMON_BLOCKS = YES;
				GCC_WARN_64_TO_32_BIT_CONVERSION = YES;
				GCC_WARN_ABOUT_RETURN_TYPE = YES_ERROR;
				GCC_WARN_UNDECLARED_SELECTOR = YES;
				GCC_WARN_UNINITIALIZED_AUTOS = YES_AGGRESSIVE;
				GCC_WARN_UNUSED_FUNCTION = YES;
				GCC_WARN_UNUSED_VARIABLE = YES;
				IPHONEOS_DEPLOYMENT_TARGET = 11.2;
				MTL_ENABLE_DEBUG_INFO = NO;
				SDKROOT = iphoneos;
				SWIFT_OPTIMIZATION_LEVEL = "-Owholemodule";
				VALIDATE_PRODUCT = YES;
			};
			name = Release;
		};
		FDCBB03C202A8C180010B855 /* Debug */ = {
			isa = XCBuildConfiguration;
			buildSettings = {
				ASSETCATALOG_COMPILER_APPICON_NAME = AppIcon;
				CODE_SIGN_STYLE = Automatic;
				DEVELOPMENT_TEAM = 5R87DC3495;
				INFOPLIST_FILE = "app-swoosh/Info.plist";
				LD_RUNPATH_SEARCH_PATHS = "$(inherited) @executable_path/Frameworks";
				PRODUCT_BUNDLE_IDENTIFIER = "com.greg.app-swoosh";
				PRODUCT_NAME = "$(TARGET_NAME)";
				SWIFT_VERSION = 4.0;
				TARGETED_DEVICE_FAMILY = "1,2";
			};
			name = Debug;
		};
		FDCBB03D202A8C180010B855 /* Release */ = {
			isa = XCBuildConfiguration;
			buildSettings = {
				ASSETCATALOG_COMPILER_APPICON_NAME = AppIcon;
				CODE_SIGN_STYLE = Automatic;
				DEVELOPMENT_TEAM = 5R87DC3495;
				INFOPLIST_FILE = "app-swoosh/Info.plist";
				LD_RUNPATH_SEARCH_PATHS = "$(inherited) @executable_path/Frameworks";
				PRODUCT_BUNDLE_IDENTIFIER = "com.greg.app-swoosh";
				PRODUCT_NAME = "$(TARGET_NAME)";
				SWIFT_VERSION = 4.0;
				TARGETED_DEVICE_FAMILY = "1,2";
			};
			name = Release;
		};
/* End XCBuildConfiguration section */

/* Begin XCConfigurationList section */
		FDCBB024202A8C180010B855 /* Build configuration list for PBXProject "app-swoosh" */ = {
			isa = XCConfigurationList;
			buildConfigurations = (
				FDCBB039202A8C180010B855 /* Debug */,
				FDCBB03A202A8C180010B855 /* Release */,
			);
			defaultConfigurationIsVisible = 0;
			defaultConfigurationName = Release;
		};
		FDCBB03B202A8C180010B855 /* Build configuration list for PBXNativeTarget "app-swoosh" */ = {
			isa = XCConfigurationList;
			buildConfigurations = (
				FDCBB03C202A8C180010B855 /* Debug */,
				FDCBB03D202A8C180010B855 /* Release */,
			);
			defaultConfigurationIsVisible = 0;
			defaultConfigurationName = Release;
		};
/* End XCConfigurationList section */
	};
	rootObject = FDCBB021202A8C180010B855 /* Project object */;
}
